// !$*UTF8*$!
{
	archiveVersion = 1;
	classes = {
	};
	objectVersion = 50;
	objects = {

/* Begin PBXBuildFile section */
		271EEBA9266FE5580071DAB6 /* RegionDetail.swift in Sources */ = {isa = PBXBuildFile; fileRef = 271EEBA8266FE5580071DAB6 /* RegionDetail.swift */; };
		27E92B64266052FE00B612D2 /* WalkaboutSwiftApp.swift in Sources */ = {isa = PBXBuildFile; fileRef = 27E92B63266052FE00B612D2 /* WalkaboutSwiftApp.swift */; };
		27E92B66266052FE00B612D2 /* ContentView.swift in Sources */ = {isa = PBXBuildFile; fileRef = 27E92B65266052FE00B612D2 /* ContentView.swift */; };
		27E92B682660530000B612D2 /* Assets.xcassets in Resources */ = {isa = PBXBuildFile; fileRef = 27E92B672660530000B612D2 /* Assets.xcassets */; };
		27E92B6B2660530000B612D2 /* Preview Assets.xcassets in Resources */ = {isa = PBXBuildFile; fileRef = 27E92B6A2660530000B612D2 /* Preview Assets.xcassets */; };
		27E92B762660530000B612D2 /* WalkaboutSwiftTests.swift in Sources */ = {isa = PBXBuildFile; fileRef = 27E92B752660530000B612D2 /* WalkaboutSwiftTests.swift */; };
		27E92B812660530000B612D2 /* WalkaboutSwiftUITests.swift in Sources */ = {isa = PBXBuildFile; fileRef = 27E92B802660530000B612D2 /* WalkaboutSwiftUITests.swift */; };
		27E92B8F2660590E00B612D2 /* CircleImage.swift in Sources */ = {isa = PBXBuildFile; fileRef = 27E92B8E2660590E00B612D2 /* CircleImage.swift */; };
		27E92B91266072BD00B612D2 /* MapView.swift in Sources */ = {isa = PBXBuildFile; fileRef = 27E92B90266072BD00B612D2 /* MapView.swift */; };
		27E92B93266078E300B612D2 /* landmarkData.json in Resources */ = {isa = PBXBuildFile; fileRef = 27E92B92266078E300B612D2 /* landmarkData.json */; };
		27E92B95266078FB00B612D2 /* Landmark.swift in Sources */ = {isa = PBXBuildFile; fileRef = 27E92B94266078FB00B612D2 /* Landmark.swift */; };
		27E92B9726607A4C00B612D2 /* ModelData.swift in Sources */ = {isa = PBXBuildFile; fileRef = 27E92B9626607A4C00B612D2 /* ModelData.swift */; };
		27E92B9D26607BBC00B612D2 /* LandmarkRow.swift in Sources */ = {isa = PBXBuildFile; fileRef = 27E92B9C26607BBC00B612D2 /* LandmarkRow.swift */; };
		27E92B9F26607CBE00B612D2 /* LandmarksList.swift in Sources */ = {isa = PBXBuildFile; fileRef = 27E92B9E26607CBE00B612D2 /* LandmarksList.swift */; };
		27E92BA126607D9E00B612D2 /* LandmarkDetail.swift in Sources */ = {isa = PBXBuildFile; fileRef = 27E92BA026607D9E00B612D2 /* LandmarkDetail.swift */; };
		27E92BA326614D4800B612D2 /* FavoriteButton.swift in Sources */ = {isa = PBXBuildFile; fileRef = 27E92BA226614D4800B612D2 /* FavoriteButton.swift */; };
		27E92BA726616DA200B612D2 /* HexagonParameters.swift in Sources */ = {isa = PBXBuildFile; fileRef = 27E92BA626616DA200B612D2 /* HexagonParameters.swift */; };
		27E92BA926616E7C00B612D2 /* BadgeBackground.swift in Sources */ = {isa = PBXBuildFile; fileRef = 27E92BA826616E7C00B612D2 /* BadgeBackground.swift */; };
		27E92BAB2661740A00B612D2 /* BadgeSymbol.swift in Sources */ = {isa = PBXBuildFile; fileRef = 27E92BAA2661740A00B612D2 /* BadgeSymbol.swift */; };
		27E92BAD2661792100B612D2 /* RotatedBadgeSymbol.swift in Sources */ = {isa = PBXBuildFile; fileRef = 27E92BAC2661792100B612D2 /* RotatedBadgeSymbol.swift */; };
		27E92BAF266179AB00B612D2 /* Badge.swift in Sources */ = {isa = PBXBuildFile; fileRef = 27E92BAE266179AB00B612D2 /* Badge.swift */; };
		27E92BB22661986400B612D2 /* LocationMonitor.swift in Sources */ = {isa = PBXBuildFile; fileRef = 27E92BB12661986400B612D2 /* LocationMonitor.swift */; };
		27E92BB42662D70F00B612D2 /* regions.json in Resources */ = {isa = PBXBuildFile; fileRef = 27E92BB32662D70F00B612D2 /* regions.json */; };
		27E92BB62662D7E700B612D2 /* WalkaboutRegion.swift in Sources */ = {isa = PBXBuildFile; fileRef = 27E92BB52662D7E700B612D2 /* WalkaboutRegion.swift */; };
		27F0EB3D266E9ACA00FFA668 /* LocationPermissionView.swift in Sources */ = {isa = PBXBuildFile; fileRef = 27F0EB3C266E9ACA00FFA668 /* LocationPermissionView.swift */; };
		27F0EB3F266E9EBF00FFA668 /* AppColors.swift in Sources */ = {isa = PBXBuildFile; fileRef = 27F0EB3E266E9EBF00FFA668 /* AppColors.swift */; };
		27F0EB41266EA40800FFA668 /* Walkabout.strings in Resources */ = {isa = PBXBuildFile; fileRef = 27F0EB40266EA40800FFA668 /* Walkabout.strings */; };
		27F0EB43266EA72D00FFA668 /* WalkaboutNavigation.swift in Sources */ = {isa = PBXBuildFile; fileRef = 27F0EB42266EA72D00FFA668 /* WalkaboutNavigation.swift */; };
		27F0EB45266EB89600FFA668 /* NotesList.swift in Sources */ = {isa = PBXBuildFile; fileRef = 27F0EB44266EB89600FFA668 /* NotesList.swift */; };
		27F0EB47266ED54B00FFA668 /* RegionsMap.swift in Sources */ = {isa = PBXBuildFile; fileRef = 27F0EB46266ED54B00FFA668 /* RegionsMap.swift */; };
/* End PBXBuildFile section */

/* Begin PBXContainerItemProxy section */
		27E92B722660530000B612D2 /* PBXContainerItemProxy */ = {
			isa = PBXContainerItemProxy;
			containerPortal = 27E92B58266052FE00B612D2 /* Project object */;
			proxyType = 1;
			remoteGlobalIDString = 27E92B5F266052FE00B612D2;
			remoteInfo = WalkaboutSwift;
		};
		27E92B7D2660530000B612D2 /* PBXContainerItemProxy */ = {
			isa = PBXContainerItemProxy;
			containerPortal = 27E92B58266052FE00B612D2 /* Project object */;
			proxyType = 1;
			remoteGlobalIDString = 27E92B5F266052FE00B612D2;
			remoteInfo = WalkaboutSwift;
		};
/* End PBXContainerItemProxy section */

/* Begin PBXFileReference section */
		271EEBA8266FE5580071DAB6 /* RegionDetail.swift */ = {isa = PBXFileReference; lastKnownFileType = sourcecode.swift; path = RegionDetail.swift; sourceTree = "<group>"; };
		27E92B60266052FE00B612D2 /* WalkaboutSwift.app */ = {isa = PBXFileReference; explicitFileType = wrapper.application; includeInIndex = 0; path = WalkaboutSwift.app; sourceTree = BUILT_PRODUCTS_DIR; };
		27E92B63266052FE00B612D2 /* WalkaboutSwiftApp.swift */ = {isa = PBXFileReference; lastKnownFileType = sourcecode.swift; path = WalkaboutSwiftApp.swift; sourceTree = "<group>"; };
		27E92B65266052FE00B612D2 /* ContentView.swift */ = {isa = PBXFileReference; lastKnownFileType = sourcecode.swift; path = ContentView.swift; sourceTree = "<group>"; };
		27E92B672660530000B612D2 /* Assets.xcassets */ = {isa = PBXFileReference; lastKnownFileType = folder.assetcatalog; path = Assets.xcassets; sourceTree = "<group>"; };
		27E92B6A2660530000B612D2 /* Preview Assets.xcassets */ = {isa = PBXFileReference; lastKnownFileType = folder.assetcatalog; path = "Preview Assets.xcassets"; sourceTree = "<group>"; };
		27E92B6C2660530000B612D2 /* Info.plist */ = {isa = PBXFileReference; lastKnownFileType = text.plist.xml; path = Info.plist; sourceTree = "<group>"; };
		27E92B712660530000B612D2 /* WalkaboutSwiftTests.xctest */ = {isa = PBXFileReference; explicitFileType = wrapper.cfbundle; includeInIndex = 0; path = WalkaboutSwiftTests.xctest; sourceTree = BUILT_PRODUCTS_DIR; };
		27E92B752660530000B612D2 /* WalkaboutSwiftTests.swift */ = {isa = PBXFileReference; lastKnownFileType = sourcecode.swift; path = WalkaboutSwiftTests.swift; sourceTree = "<group>"; };
		27E92B772660530000B612D2 /* Info.plist */ = {isa = PBXFileReference; lastKnownFileType = text.plist.xml; path = Info.plist; sourceTree = "<group>"; };
		27E92B7C2660530000B612D2 /* WalkaboutSwiftUITests.xctest */ = {isa = PBXFileReference; explicitFileType = wrapper.cfbundle; includeInIndex = 0; path = WalkaboutSwiftUITests.xctest; sourceTree = BUILT_PRODUCTS_DIR; };
		27E92B802660530000B612D2 /* WalkaboutSwiftUITests.swift */ = {isa = PBXFileReference; lastKnownFileType = sourcecode.swift; path = WalkaboutSwiftUITests.swift; sourceTree = "<group>"; };
		27E92B822660530000B612D2 /* Info.plist */ = {isa = PBXFileReference; lastKnownFileType = text.plist.xml; path = Info.plist; sourceTree = "<group>"; };
		27E92B8E2660590E00B612D2 /* CircleImage.swift */ = {isa = PBXFileReference; lastKnownFileType = sourcecode.swift; path = CircleImage.swift; sourceTree = "<group>"; };
		27E92B90266072BD00B612D2 /* MapView.swift */ = {isa = PBXFileReference; lastKnownFileType = sourcecode.swift; path = MapView.swift; sourceTree = "<group>"; };
		27E92B92266078E300B612D2 /* landmarkData.json */ = {isa = PBXFileReference; fileEncoding = 4; lastKnownFileType = text.json; path = landmarkData.json; sourceTree = "<group>"; };
		27E92B94266078FB00B612D2 /* Landmark.swift */ = {isa = PBXFileReference; lastKnownFileType = sourcecode.swift; path = Landmark.swift; sourceTree = "<group>"; };
		27E92B9626607A4C00B612D2 /* ModelData.swift */ = {isa = PBXFileReference; lastKnownFileType = sourcecode.swift; path = ModelData.swift; sourceTree = "<group>"; };
		27E92B9C26607BBC00B612D2 /* LandmarkRow.swift */ = {isa = PBXFileReference; lastKnownFileType = sourcecode.swift; path = LandmarkRow.swift; sourceTree = "<group>"; };
		27E92B9E26607CBE00B612D2 /* LandmarksList.swift */ = {isa = PBXFileReference; lastKnownFileType = sourcecode.swift; path = LandmarksList.swift; sourceTree = "<group>"; };
		27E92BA026607D9E00B612D2 /* LandmarkDetail.swift */ = {isa = PBXFileReference; lastKnownFileType = sourcecode.swift; path = LandmarkDetail.swift; sourceTree = "<group>"; };
		27E92BA226614D4800B612D2 /* FavoriteButton.swift */ = {isa = PBXFileReference; lastKnownFileType = sourcecode.swift; path = FavoriteButton.swift; sourceTree = "<group>"; };
		27E92BA626616DA200B612D2 /* HexagonParameters.swift */ = {isa = PBXFileReference; lastKnownFileType = sourcecode.swift; path = HexagonParameters.swift; sourceTree = "<group>"; };
		27E92BA826616E7C00B612D2 /* BadgeBackground.swift */ = {isa = PBXFileReference; lastKnownFileType = sourcecode.swift; path = BadgeBackground.swift; sourceTree = "<group>"; };
		27E92BAA2661740A00B612D2 /* BadgeSymbol.swift */ = {isa = PBXFileReference; lastKnownFileType = sourcecode.swift; path = BadgeSymbol.swift; sourceTree = "<group>"; };
		27E92BAC2661792100B612D2 /* RotatedBadgeSymbol.swift */ = {isa = PBXFileReference; lastKnownFileType = sourcecode.swift; path = RotatedBadgeSymbol.swift; sourceTree = "<group>"; };
		27E92BAE266179AB00B612D2 /* Badge.swift */ = {isa = PBXFileReference; lastKnownFileType = sourcecode.swift; path = Badge.swift; sourceTree = "<group>"; };
		27E92BB12661986400B612D2 /* LocationMonitor.swift */ = {isa = PBXFileReference; lastKnownFileType = sourcecode.swift; path = LocationMonitor.swift; sourceTree = "<group>"; };
		27E92BB32662D70F00B612D2 /* regions.json */ = {isa = PBXFileReference; lastKnownFileType = text.json; path = regions.json; sourceTree = "<group>"; };
		27E92BB52662D7E700B612D2 /* WalkaboutRegion.swift */ = {isa = PBXFileReference; lastKnownFileType = sourcecode.swift; path = WalkaboutRegion.swift; sourceTree = "<group>"; };
		27F0EB3C266E9ACA00FFA668 /* LocationPermissionView.swift */ = {isa = PBXFileReference; lastKnownFileType = sourcecode.swift; path = LocationPermissionView.swift; sourceTree = "<group>"; };
		27F0EB3E266E9EBF00FFA668 /* AppColors.swift */ = {isa = PBXFileReference; lastKnownFileType = sourcecode.swift; path = AppColors.swift; sourceTree = "<group>"; };
		27F0EB40266EA40800FFA668 /* Walkabout.strings */ = {isa = PBXFileReference; lastKnownFileType = text.plist.strings; path = Walkabout.strings; sourceTree = "<group>"; };
		27F0EB42266EA72D00FFA668 /* WalkaboutNavigation.swift */ = {isa = PBXFileReference; lastKnownFileType = sourcecode.swift; path = WalkaboutNavigation.swift; sourceTree = "<group>"; };
		27F0EB44266EB89600FFA668 /* NotesList.swift */ = {isa = PBXFileReference; lastKnownFileType = sourcecode.swift; path = NotesList.swift; sourceTree = "<group>"; };
		27F0EB46266ED54B00FFA668 /* RegionsMap.swift */ = {isa = PBXFileReference; lastKnownFileType = sourcecode.swift; path = RegionsMap.swift; sourceTree = "<group>"; };
/* End PBXFileReference section */

/* Begin PBXFrameworksBuildPhase section */
		27E92B5D266052FE00B612D2 /* Frameworks */ = {
			isa = PBXFrameworksBuildPhase;
			buildActionMask = 2147483647;
			files = (
			);
			runOnlyForDeploymentPostprocessing = 0;
		};
		27E92B6E2660530000B612D2 /* Frameworks */ = {
			isa = PBXFrameworksBuildPhase;
			buildActionMask = 2147483647;
			files = (
			);
			runOnlyForDeploymentPostprocessing = 0;
		};
		27E92B792660530000B612D2 /* Frameworks */ = {
			isa = PBXFrameworksBuildPhase;
			buildActionMask = 2147483647;
			files = (
			);
			runOnlyForDeploymentPostprocessing = 0;
		};
/* End PBXFrameworksBuildPhase section */

/* Begin PBXGroup section */
		27E92B57266052FE00B612D2 = {
			isa = PBXGroup;
			children = (
				27E92B62266052FE00B612D2 /* WalkaboutSwift */,
				27E92B742660530000B612D2 /* WalkaboutSwiftTests */,
				27E92B7F2660530000B612D2 /* WalkaboutSwiftUITests */,
				27E92B61266052FE00B612D2 /* Products */,
			);
			sourceTree = "<group>";
		};
		27E92B61266052FE00B612D2 /* Products */ = {
			isa = PBXGroup;
			children = (
				27E92B60266052FE00B612D2 /* WalkaboutSwift.app */,
				27E92B712660530000B612D2 /* WalkaboutSwiftTests.xctest */,
				27E92B7C2660530000B612D2 /* WalkaboutSwiftUITests.xctest */,
			);
			name = Products;
			sourceTree = "<group>";
		};
		27E92B62266052FE00B612D2 /* WalkaboutSwift */ = {
			isa = PBXGroup;
			children = (
				27E92B63266052FE00B612D2 /* WalkaboutSwiftApp.swift */,
				27E92BB12661986400B612D2 /* LocationMonitor.swift */,
				27E92B9B26607BA200B612D2 /* Resources */,
				27E92B9926607B8600B612D2 /* Views */,
				27E92B9A26607B8F00B612D2 /* Model */,
				27E92B672660530000B612D2 /* Assets.xcassets */,
				27E92B6C2660530000B612D2 /* Info.plist */,
				27E92B692660530000B612D2 /* Preview Content */,
				27F0EB40266EA40800FFA668 /* Walkabout.strings */,
			);
			path = WalkaboutSwift;
			sourceTree = "<group>";
		};
		27E92B692660530000B612D2 /* Preview Content */ = {
			isa = PBXGroup;
			children = (
				27E92B6A2660530000B612D2 /* Preview Assets.xcassets */,
			);
			path = "Preview Content";
			sourceTree = "<group>";
		};
		27E92B742660530000B612D2 /* WalkaboutSwiftTests */ = {
			isa = PBXGroup;
			children = (
				27E92B752660530000B612D2 /* WalkaboutSwiftTests.swift */,
				27E92B772660530000B612D2 /* Info.plist */,
			);
			path = WalkaboutSwiftTests;
			sourceTree = "<group>";
		};
		27E92B7F2660530000B612D2 /* WalkaboutSwiftUITests */ = {
			isa = PBXGroup;
			children = (
				27E92B802660530000B612D2 /* WalkaboutSwiftUITests.swift */,
				27E92B822660530000B612D2 /* Info.plist */,
			);
			path = WalkaboutSwiftUITests;
			sourceTree = "<group>";
		};
		27E92B9926607B8600B612D2 /* Views */ = {
			isa = PBXGroup;
			children = (
				27E92B65266052FE00B612D2 /* ContentView.swift */,
				27F0EB42266EA72D00FFA668 /* WalkaboutNavigation.swift */,
				27F0EB44266EB89600FFA668 /* NotesList.swift */,
				271EEBA8266FE5580071DAB6 /* RegionDetail.swift */,
				27F0EB46266ED54B00FFA668 /* RegionsMap.swift */,
				27F0EB3C266E9ACA00FFA668 /* LocationPermissionView.swift */,
				27F0EB3E266E9EBF00FFA668 /* AppColors.swift */,
				27E92BA526616A7500B612D2 /* Lib */,
				27E92BA426616A6B00B612D2 /* Landmarks */,
				27E92BA626616DA200B612D2 /* HexagonParameters.swift */,
			);
			path = Views;
			sourceTree = "<group>";
		};
		27E92B9A26607B8F00B612D2 /* Model */ = {
			isa = PBXGroup;
			children = (
				27E92B9626607A4C00B612D2 /* ModelData.swift */,
				27E92B94266078FB00B612D2 /* Landmark.swift */,
				27E92BB52662D7E700B612D2 /* WalkaboutRegion.swift */,
			);
			path = Model;
			sourceTree = "<group>";
		};
		27E92B9B26607BA200B612D2 /* Resources */ = {
			isa = PBXGroup;
			children = (
				27E92B92266078E300B612D2 /* landmarkData.json */,
				27E92BB32662D70F00B612D2 /* regions.json */,
			);
			path = Resources;
			sourceTree = "<group>";
		};
		27E92BA426616A6B00B612D2 /* Landmarks */ = {
			isa = PBXGroup;
			children = (
				27E92B9C26607BBC00B612D2 /* LandmarkRow.swift */,
				27E92B9E26607CBE00B612D2 /* LandmarksList.swift */,
				27E92BA026607D9E00B612D2 /* LandmarkDetail.swift */,
			);
			path = Landmarks;
			sourceTree = "<group>";
		};
		27E92BA526616A7500B612D2 /* Lib */ = {
			isa = PBXGroup;
			children = (
				27E92BA226614D4800B612D2 /* FavoriteButton.swift */,
				27E92B8E2660590E00B612D2 /* CircleImage.swift */,
				27E92B90266072BD00B612D2 /* MapView.swift */,
				27E92BB026617D7200B612D2 /* Badges */,
			);
			path = Lib;
			sourceTree = "<group>";
		};
		27E92BB026617D7200B612D2 /* Badges */ = {
			isa = PBXGroup;
			children = (
				27E92BA826616E7C00B612D2 /* BadgeBackground.swift */,
				27E92BAA2661740A00B612D2 /* BadgeSymbol.swift */,
				27E92BAC2661792100B612D2 /* RotatedBadgeSymbol.swift */,
				27E92BAE266179AB00B612D2 /* Badge.swift */,
			);
			path = Badges;
			sourceTree = "<group>";
		};
/* End PBXGroup section */

/* Begin PBXNativeTarget section */
		27E92B5F266052FE00B612D2 /* WalkaboutSwift */ = {
			isa = PBXNativeTarget;
			buildConfigurationList = 27E92B852660530000B612D2 /* Build configuration list for PBXNativeTarget "WalkaboutSwift" */;
			buildPhases = (
				27E92B5C266052FE00B612D2 /* Sources */,
				27E92B5D266052FE00B612D2 /* Frameworks */,
				27E92B5E266052FE00B612D2 /* Resources */,
			);
			buildRules = (
			);
			dependencies = (
			);
			name = WalkaboutSwift;
			productName = WalkaboutSwift;
			productReference = 27E92B60266052FE00B612D2 /* WalkaboutSwift.app */;
			productType = "com.apple.product-type.application";
		};
		27E92B702660530000B612D2 /* WalkaboutSwiftTests */ = {
			isa = PBXNativeTarget;
			buildConfigurationList = 27E92B882660530000B612D2 /* Build configuration list for PBXNativeTarget "WalkaboutSwiftTests" */;
			buildPhases = (
				27E92B6D2660530000B612D2 /* Sources */,
				27E92B6E2660530000B612D2 /* Frameworks */,
				27E92B6F2660530000B612D2 /* Resources */,
			);
			buildRules = (
			);
			dependencies = (
				27E92B732660530000B612D2 /* PBXTargetDependency */,
			);
			name = WalkaboutSwiftTests;
			productName = WalkaboutSwiftTests;
			productReference = 27E92B712660530000B612D2 /* WalkaboutSwiftTests.xctest */;
			productType = "com.apple.product-type.bundle.unit-test";
		};
		27E92B7B2660530000B612D2 /* WalkaboutSwiftUITests */ = {
			isa = PBXNativeTarget;
			buildConfigurationList = 27E92B8B2660530000B612D2 /* Build configuration list for PBXNativeTarget "WalkaboutSwiftUITests" */;
			buildPhases = (
				27E92B782660530000B612D2 /* Sources */,
				27E92B792660530000B612D2 /* Frameworks */,
				27E92B7A2660530000B612D2 /* Resources */,
			);
			buildRules = (
			);
			dependencies = (
				27E92B7E2660530000B612D2 /* PBXTargetDependency */,
			);
			name = WalkaboutSwiftUITests;
			productName = WalkaboutSwiftUITests;
			productReference = 27E92B7C2660530000B612D2 /* WalkaboutSwiftUITests.xctest */;
			productType = "com.apple.product-type.bundle.ui-testing";
		};
/* End PBXNativeTarget section */

/* Begin PBXProject section */
		27E92B58266052FE00B612D2 /* Project object */ = {
			isa = PBXProject;
			attributes = {
				LastSwiftUpdateCheck = 1250;
				LastUpgradeCheck = 1250;
				TargetAttributes = {
					27E92B5F266052FE00B612D2 = {
						CreatedOnToolsVersion = 12.5;
					};
					27E92B702660530000B612D2 = {
						CreatedOnToolsVersion = 12.5;
						TestTargetID = 27E92B5F266052FE00B612D2;
					};
					27E92B7B2660530000B612D2 = {
						CreatedOnToolsVersion = 12.5;
						TestTargetID = 27E92B5F266052FE00B612D2;
					};
				};
			};
			buildConfigurationList = 27E92B5B266052FE00B612D2 /* Build configuration list for PBXProject "WalkaboutSwift" */;
			compatibilityVersion = "Xcode 9.3";
			developmentRegion = en;
			hasScannedForEncodings = 0;
			knownRegions = (
				en,
				Base,
			);
			mainGroup = 27E92B57266052FE00B612D2;
			productRefGroup = 27E92B61266052FE00B612D2 /* Products */;
			projectDirPath = "";
			projectRoot = "";
			targets = (
				27E92B5F266052FE00B612D2 /* WalkaboutSwift */,
				27E92B702660530000B612D2 /* WalkaboutSwiftTests */,
				27E92B7B2660530000B612D2 /* WalkaboutSwiftUITests */,
			);
		};
/* End PBXProject section */

/* Begin PBXResourcesBuildPhase section */
		27E92B5E266052FE00B612D2 /* Resources */ = {
			isa = PBXResourcesBuildPhase;
			buildActionMask = 2147483647;
			files = (
				27F0EB41266EA40800FFA668 /* Walkabout.strings in Resources */,
				27E92B6B2660530000B612D2 /* Preview Assets.xcassets in Resources */,
				27E92B682660530000B612D2 /* Assets.xcassets in Resources */,
				27E92B93266078E300B612D2 /* landmarkData.json in Resources */,
				27E92BB42662D70F00B612D2 /* regions.json in Resources */,
			);
			runOnlyForDeploymentPostprocessing = 0;
		};
		27E92B6F2660530000B612D2 /* Resources */ = {
			isa = PBXResourcesBuildPhase;
			buildActionMask = 2147483647;
			files = (
			);
			runOnlyForDeploymentPostprocessing = 0;
		};
		27E92B7A2660530000B612D2 /* Resources */ = {
			isa = PBXResourcesBuildPhase;
			buildActionMask = 2147483647;
			files = (
			);
			runOnlyForDeploymentPostprocessing = 0;
		};
/* End PBXResourcesBuildPhase section */

/* Begin PBXSourcesBuildPhase section */
		27E92B5C266052FE00B612D2 /* Sources */ = {
			isa = PBXSourcesBuildPhase;
			buildActionMask = 2147483647;
			files = (
				27E92B66266052FE00B612D2 /* ContentView.swift in Sources */,
				27E92BB22661986400B612D2 /* LocationMonitor.swift in Sources */,
				27F0EB3D266E9ACA00FFA668 /* LocationPermissionView.swift in Sources */,
				27E92BAF266179AB00B612D2 /* Badge.swift in Sources */,
				27F0EB45266EB89600FFA668 /* NotesList.swift in Sources */,
				27E92B91266072BD00B612D2 /* MapView.swift in Sources */,
				27F0EB47266ED54B00FFA668 /* RegionsMap.swift in Sources */,
				27E92B64266052FE00B612D2 /* WalkaboutSwiftApp.swift in Sources */,
				27E92BA326614D4800B612D2 /* FavoriteButton.swift in Sources */,
				27E92BA726616DA200B612D2 /* HexagonParameters.swift in Sources */,
				27F0EB3F266E9EBF00FFA668 /* AppColors.swift in Sources */,
				27E92BAD2661792100B612D2 /* RotatedBadgeSymbol.swift in Sources */,
				27E92BAB2661740A00B612D2 /* BadgeSymbol.swift in Sources */,
				27E92B8F2660590E00B612D2 /* CircleImage.swift in Sources */,
				27E92BA126607D9E00B612D2 /* LandmarkDetail.swift in Sources */,
				27E92BA926616E7C00B612D2 /* BadgeBackground.swift in Sources */,
				27E92B95266078FB00B612D2 /* Landmark.swift in Sources */,
				27E92B9D26607BBC00B612D2 /* LandmarkRow.swift in Sources */,
				27E92B9726607A4C00B612D2 /* ModelData.swift in Sources */,
				27E92BB62662D7E700B612D2 /* WalkaboutRegion.swift in Sources */,
				271EEBA9266FE5580071DAB6 /* RegionDetail.swift in Sources */,
				27F0EB43266EA72D00FFA668 /* WalkaboutNavigation.swift in Sources */,
				27E92B9F26607CBE00B612D2 /* LandmarksList.swift in Sources */,
			);
			runOnlyForDeploymentPostprocessing = 0;
		};
		27E92B6D2660530000B612D2 /* Sources */ = {
			isa = PBXSourcesBuildPhase;
			buildActionMask = 2147483647;
			files = (
				27E92B762660530000B612D2 /* WalkaboutSwiftTests.swift in Sources */,
			);
			runOnlyForDeploymentPostprocessing = 0;
		};
		27E92B782660530000B612D2 /* Sources */ = {
			isa = PBXSourcesBuildPhase;
			buildActionMask = 2147483647;
			files = (
				27E92B812660530000B612D2 /* WalkaboutSwiftUITests.swift in Sources */,
			);
			runOnlyForDeploymentPostprocessing = 0;
		};
/* End PBXSourcesBuildPhase section */

/* Begin PBXTargetDependency section */
		27E92B732660530000B612D2 /* PBXTargetDependency */ = {
			isa = PBXTargetDependency;
			target = 27E92B5F266052FE00B612D2 /* WalkaboutSwift */;
			targetProxy = 27E92B722660530000B612D2 /* PBXContainerItemProxy */;
		};
		27E92B7E2660530000B612D2 /* PBXTargetDependency */ = {
			isa = PBXTargetDependency;
			target = 27E92B5F266052FE00B612D2 /* WalkaboutSwift */;
			targetProxy = 27E92B7D2660530000B612D2 /* PBXContainerItemProxy */;
		};
/* End PBXTargetDependency section */

/* Begin XCBuildConfiguration section */
		27E92B832660530000B612D2 /* Debug */ = {
			isa = XCBuildConfiguration;
			buildSettings = {
				ALWAYS_SEARCH_USER_PATHS = NO;
				CLANG_ANALYZER_NONNULL = YES;
				CLANG_ANALYZER_NUMBER_OBJECT_CONVERSION = YES_AGGRESSIVE;
				CLANG_CXX_LANGUAGE_STANDARD = "gnu++14";
				CLANG_CXX_LIBRARY = "libc++";
				CLANG_ENABLE_MODULES = YES;
				CLANG_ENABLE_OBJC_ARC = YES;
				CLANG_ENABLE_OBJC_WEAK = YES;
				CLANG_WARN_BLOCK_CAPTURE_AUTORELEASING = YES;
				CLANG_WARN_BOOL_CONVERSION = YES;
				CLANG_WARN_COMMA = YES;
				CLANG_WARN_CONSTANT_CONVERSION = YES;
				CLANG_WARN_DEPRECATED_OBJC_IMPLEMENTATIONS = YES;
				CLANG_WARN_DIRECT_OBJC_ISA_USAGE = YES_ERROR;
				CLANG_WARN_DOCUMENTATION_COMMENTS = YES;
				CLANG_WARN_EMPTY_BODY = YES;
				CLANG_WARN_ENUM_CONVERSION = YES;
				CLANG_WARN_INFINITE_RECURSION = YES;
				CLANG_WARN_INT_CONVERSION = YES;
				CLANG_WARN_NON_LITERAL_NULL_CONVERSION = YES;
				CLANG_WARN_OBJC_IMPLICIT_RETAIN_SELF = YES;
				CLANG_WARN_OBJC_LITERAL_CONVERSION = YES;
				CLANG_WARN_OBJC_ROOT_CLASS = YES_ERROR;
				CLANG_WARN_QUOTED_INCLUDE_IN_FRAMEWORK_HEADER = YES;
				CLANG_WARN_RANGE_LOOP_ANALYSIS = YES;
				CLANG_WARN_STRICT_PROTOTYPES = YES;
				CLANG_WARN_SUSPICIOUS_MOVE = YES;
				CLANG_WARN_UNGUARDED_AVAILABILITY = YES_AGGRESSIVE;
				CLANG_WARN_UNREACHABLE_CODE = YES;
				CLANG_WARN__DUPLICATE_METHOD_MATCH = YES;
				COPY_PHASE_STRIP = NO;
				DEBUG_INFORMATION_FORMAT = dwarf;
				ENABLE_STRICT_OBJC_MSGSEND = YES;
				ENABLE_TESTABILITY = YES;
				GCC_C_LANGUAGE_STANDARD = gnu11;
				GCC_DYNAMIC_NO_PIC = NO;
				GCC_NO_COMMON_BLOCKS = YES;
				GCC_OPTIMIZATION_LEVEL = 0;
				GCC_PREPROCESSOR_DEFINITIONS = (
					"DEBUG=1",
					"$(inherited)",
				);
				GCC_WARN_64_TO_32_BIT_CONVERSION = YES;
				GCC_WARN_ABOUT_RETURN_TYPE = YES_ERROR;
				GCC_WARN_UNDECLARED_SELECTOR = YES;
				GCC_WARN_UNINITIALIZED_AUTOS = YES_AGGRESSIVE;
				GCC_WARN_UNUSED_FUNCTION = YES;
				GCC_WARN_UNUSED_VARIABLE = YES;
				IPHONEOS_DEPLOYMENT_TARGET = 14.5;
				MTL_ENABLE_DEBUG_INFO = INCLUDE_SOURCE;
				MTL_FAST_MATH = YES;
				ONLY_ACTIVE_ARCH = YES;
				SDKROOT = iphoneos;
				SWIFT_ACTIVE_COMPILATION_CONDITIONS = DEBUG;
				SWIFT_OPTIMIZATION_LEVEL = "-Onone";
			};
			name = Debug;
		};
		27E92B842660530000B612D2 /* Release */ = {
			isa = XCBuildConfiguration;
			buildSettings = {
				ALWAYS_SEARCH_USER_PATHS = NO;
				CLANG_ANALYZER_NONNULL = YES;
				CLANG_ANALYZER_NUMBER_OBJECT_CONVERSION = YES_AGGRESSIVE;
				CLANG_CXX_LANGUAGE_STANDARD = "gnu++14";
				CLANG_CXX_LIBRARY = "libc++";
				CLANG_ENABLE_MODULES = YES;
				CLANG_ENABLE_OBJC_ARC = YES;
				CLANG_ENABLE_OBJC_WEAK = YES;
				CLANG_WARN_BLOCK_CAPTURE_AUTORELEASING = YES;
				CLANG_WARN_BOOL_CONVERSION = YES;
				CLANG_WARN_COMMA = YES;
				CLANG_WARN_CONSTANT_CONVERSION = YES;
				CLANG_WARN_DEPRECATED_OBJC_IMPLEMENTATIONS = YES;
				CLANG_WARN_DIRECT_OBJC_ISA_USAGE = YES_ERROR;
				CLANG_WARN_DOCUMENTATION_COMMENTS = YES;
				CLANG_WARN_EMPTY_BODY = YES;
				CLANG_WARN_ENUM_CONVERSION = YES;
				CLANG_WARN_INFINITE_RECURSION = YES;
				CLANG_WARN_INT_CONVERSION = YES;
				CLANG_WARN_NON_LITERAL_NULL_CONVERSION = YES;
				CLANG_WARN_OBJC_IMPLICIT_RETAIN_SELF = YES;
				CLANG_WARN_OBJC_LITERAL_CONVERSION = YES;
				CLANG_WARN_OBJC_ROOT_CLASS = YES_ERROR;
				CLANG_WARN_QUOTED_INCLUDE_IN_FRAMEWORK_HEADER = YES;
				CLANG_WARN_RANGE_LOOP_ANALYSIS = YES;
				CLANG_WARN_STRICT_PROTOTYPES = YES;
				CLANG_WARN_SUSPICIOUS_MOVE = YES;
				CLANG_WARN_UNGUARDED_AVAILABILITY = YES_AGGRESSIVE;
				CLANG_WARN_UNREACHABLE_CODE = YES;
				CLANG_WARN__DUPLICATE_METHOD_MATCH = YES;
				COPY_PHASE_STRIP = NO;
				DEBUG_INFORMATION_FORMAT = "dwarf-with-dsym";
				ENABLE_NS_ASSERTIONS = NO;
				ENABLE_STRICT_OBJC_MSGSEND = YES;
				GCC_C_LANGUAGE_STANDARD = gnu11;
				GCC_NO_COMMON_BLOCKS = YES;
				GCC_WARN_64_TO_32_BIT_CONVERSION = YES;
				GCC_WARN_ABOUT_RETURN_TYPE = YES_ERROR;
				GCC_WARN_UNDECLARED_SELECTOR = YES;
				GCC_WARN_UNINITIALIZED_AUTOS = YES_AGGRESSIVE;
				GCC_WARN_UNUSED_FUNCTION = YES;
				GCC_WARN_UNUSED_VARIABLE = YES;
				IPHONEOS_DEPLOYMENT_TARGET = 14.5;
				MTL_ENABLE_DEBUG_INFO = NO;
				MTL_FAST_MATH = YES;
				SDKROOT = iphoneos;
				SWIFT_COMPILATION_MODE = wholemodule;
				SWIFT_OPTIMIZATION_LEVEL = "-O";
				VALIDATE_PRODUCT = YES;
			};
			name = Release;
		};
		27E92B862660530000B612D2 /* Debug */ = {
			isa = XCBuildConfiguration;
			buildSettings = {
				ASSETCATALOG_COMPILER_APPICON_NAME = AppIcon;
				ASSETCATALOG_COMPILER_GLOBAL_ACCENT_COLOR_NAME = AccentColor;
				CODE_SIGN_STYLE = Automatic;
				DEVELOPMENT_ASSET_PATHS = "\"WalkaboutSwift/Preview Content\"";
				DEVELOPMENT_TEAM = Q6NC64Q7HC;
				ENABLE_PREVIEWS = YES;
				INFOPLIST_FILE = WalkaboutSwift/Info.plist;
				IPHONEOS_DEPLOYMENT_TARGET = 14.0;
				LD_RUNPATH_SEARCH_PATHS = (
					"$(inherited)",
					"@executable_path/Frameworks",
				);
				PRODUCT_BUNDLE_IDENTIFIER = com.kylejwarren.WalkaboutSwift;
				PRODUCT_NAME = "$(TARGET_NAME)";
				SWIFT_VERSION = 5.0;
				TARGETED_DEVICE_FAMILY = "1,2";
			};
			name = Debug;
		};
		27E92B872660530000B612D2 /* Release */ = {
			isa = XCBuildConfiguration;
			buildSettings = {
				ASSETCATALOG_COMPILER_APPICON_NAME = AppIcon;
				ASSETCATALOG_COMPILER_GLOBAL_ACCENT_COLOR_NAME = AccentColor;
				CODE_SIGN_STYLE = Automatic;
				DEVELOPMENT_ASSET_PATHS = "\"WalkaboutSwift/Preview Content\"";
				DEVELOPMENT_TEAM = Q6NC64Q7HC;
				ENABLE_PREVIEWS = YES;
				INFOPLIST_FILE = WalkaboutSwift/Info.plist;
				IPHONEOS_DEPLOYMENT_TARGET = 14.0;
				LD_RUNPATH_SEARCH_PATHS = (
					"$(inherited)",
					"@executable_path/Frameworks",
				);
				PRODUCT_BUNDLE_IDENTIFIER = com.kylejwarren.WalkaboutSwift;
				PRODUCT_NAME = "$(TARGET_NAME)";
				SWIFT_VERSION = 5.0;
				TARGETED_DEVICE_FAMILY = "1,2";
			};
			name = Release;
		};
		27E92B892660530000B612D2 /* Debug */ = {
			isa = XCBuildConfiguration;
			buildSettings = {
				ALWAYS_EMBED_SWIFT_STANDARD_LIBRARIES = YES;
				BUNDLE_LOADER = "$(TEST_HOST)";
				CODE_SIGN_STYLE = Automatic;
				DEVELOPMENT_TEAM = Q6NC64Q7HC;
				INFOPLIST_FILE = WalkaboutSwiftTests/Info.plist;
				IPHONEOS_DEPLOYMENT_TARGET = 14.0;
				LD_RUNPATH_SEARCH_PATHS = (
					"$(inherited)",
					"@executable_path/Frameworks",
					"@loader_path/Frameworks",
				);
				PRODUCT_BUNDLE_IDENTIFIER = com.kylejwarren.WalkaboutSwiftTests;
				PRODUCT_NAME = "$(TARGET_NAME)";
				SWIFT_VERSION = 5.0;
				TARGETED_DEVICE_FAMILY = "1,2";
				TEST_HOST = "$(BUILT_PRODUCTS_DIR)/WalkaboutSwift.app/WalkaboutSwift";
			};
			name = Debug;
		};
		27E92B8A2660530000B612D2 /* Release */ = {
			isa = XCBuildConfiguration;
			buildSettings = {
				ALWAYS_EMBED_SWIFT_STANDARD_LIBRARIES = YES;
				BUNDLE_LOADER = "$(TEST_HOST)";
				CODE_SIGN_STYLE = Automatic;
				DEVELOPMENT_TEAM = Q6NC64Q7HC;
				INFOPLIST_FILE = WalkaboutSwiftTests/Info.plist;
				IPHONEOS_DEPLOYMENT_TARGET = 14.0;
				LD_RUNPATH_SEARCH_PATHS = (
					"$(inherited)",
					"@executable_path/Frameworks",
					"@loader_path/Frameworks",
				);
				PRODUCT_BUNDLE_IDENTIFIER = com.kylejwarren.WalkaboutSwiftTests;
				PRODUCT_NAME = "$(TARGET_NAME)";
				SWIFT_VERSION = 5.0;
				TARGETED_DEVICE_FAMILY = "1,2";
				TEST_HOST = "$(BUILT_PRODUCTS_DIR)/WalkaboutSwift.app/WalkaboutSwift";
			};
			name = Release;
		};
		27E92B8C2660530000B612D2 /* Debug */ = {
			isa = XCBuildConfiguration;
			buildSettings = {
				ALWAYS_EMBED_SWIFT_STANDARD_LIBRARIES = YES;
				CODE_SIGN_STYLE = Automatic;
				DEVELOPMENT_TEAM = Q6NC64Q7HC;
				INFOPLIST_FILE = WalkaboutSwiftUITests/Info.plist;
				LD_RUNPATH_SEARCH_PATHS = (
					"$(inherited)",
					"@executable_path/Frameworks",
					"@loader_path/Frameworks",
				);
				PRODUCT_BUNDLE_IDENTIFIER = com.kylejwarren.WalkaboutSwiftUITests;
				PRODUCT_NAME = "$(TARGET_NAME)";
				SWIFT_VERSION = 5.0;
				TARGETED_DEVICE_FAMILY = "1,2";
				TEST_TARGET_NAME = WalkaboutSwift;
			};
			name = Debug;
		};
		27E92B8D2660530000B612D2 /* Release */ = {
			isa = XCBuildConfiguration;
			buildSettings = {
				ALWAYS_EMBED_SWIFT_STANDARD_LIBRARIES = YES;
				CODE_SIGN_STYLE = Automatic;
				DEVELOPMENT_TEAM = Q6NC64Q7HC;
				INFOPLIST_FILE = WalkaboutSwiftUITests/Info.plist;
				LD_RUNPATH_SEARCH_PATHS = (
					"$(inherited)",
					"@executable_path/Frameworks",
					"@loader_path/Frameworks",
				);
				PRODUCT_BUNDLE_IDENTIFIER = com.kylejwarren.WalkaboutSwiftUITests;
				PRODUCT_NAME = "$(TARGET_NAME)";
				SWIFT_VERSION = 5.0;
				TARGETED_DEVICE_FAMILY = "1,2";
				TEST_TARGET_NAME = WalkaboutSwift;
			};
			name = Release;
		};
/* End XCBuildConfiguration section */

/* Begin XCConfigurationList section */
		27E92B5B266052FE00B612D2 /* Build configuration list for PBXProject "WalkaboutSwift" */ = {
			isa = XCConfigurationList;
			buildConfigurations = (
				27E92B832660530000B612D2 /* Debug */,
				27E92B842660530000B612D2 /* Release */,
			);
			defaultConfigurationIsVisible = 0;
			defaultConfigurationName = Release;
		};
		27E92B852660530000B612D2 /* Build configuration list for PBXNativeTarget "WalkaboutSwift" */ = {
			isa = XCConfigurationList;
			buildConfigurations = (
				27E92B862660530000B612D2 /* Debug */,
				27E92B872660530000B612D2 /* Release */,
			);
			defaultConfigurationIsVisible = 0;
			defaultConfigurationName = Release;
		};
		27E92B882660530000B612D2 /* Build configuration list for PBXNativeTarget "WalkaboutSwiftTests" */ = {
			isa = XCConfigurationList;
			buildConfigurations = (
				27E92B892660530000B612D2 /* Debug */,
				27E92B8A2660530000B612D2 /* Release */,
			);
			defaultConfigurationIsVisible = 0;
			defaultConfigurationName = Release;
		};
		27E92B8B2660530000B612D2 /* Build configuration list for PBXNativeTarget "WalkaboutSwiftUITests" */ = {
			isa = XCConfigurationList;
			buildConfigurations = (
				27E92B8C2660530000B612D2 /* Debug */,
				27E92B8D2660530000B612D2 /* Release */,
			);
			defaultConfigurationIsVisible = 0;
			defaultConfigurationName = Release;
		};
/* End XCConfigurationList section */
	};
	rootObject = 27E92B58266052FE00B612D2 /* Project object */;
}
